
Microsoft Visual Studio Solution File, Format Version 12.00
# Visual Studio Version 17
VisualStudioVersion = 17.12.35527.113 d17.12
MinimumVisualStudioVersion = 10.0.40219.1
Project("{FAE04EC0-301F-11D3-BF4B-00C04F79EFBC}") = "RateLimiter", "RateLimiter\RateLimiter.csproj", "{863532B9-AB5B-4280-9B59-9AA5CC1BF511}"
EndProject
Project("{FAE04EC0-301F-11D3-BF4B-00C04F79EFBC}") = "RateLimiterTests", "RateLimiterTests\RateLimiterTests.csproj", "{D3CF5E97-D8D1-4E09-9CAD-5D8E4859E439}"
EndProject
Global
	GlobalSection(SolutionConfigurationPlatforms) = preSolution
		Debug|Any CPU = Debug|Any CPU
		Release|Any CPU = Release|Any CPU
	EndGlobalSection
	GlobalSection(ProjectConfigurationPlatforms) = postSolution
		{863532B9-AB5B-4280-9B59-9AA5CC1BF511}.Debug|Any CPU.ActiveCfg = Debug|Any CPU
		{863532B9-AB5B-4280-9B59-9AA5CC1BF511}.Debug|Any CPU.Build.0 = Debug|Any CPU
		{863532B9-AB5B-4280-9B59-9AA5CC1BF511}.Release|Any CPU.ActiveCfg = Release|Any CPU
		{863532B9-AB5B-4280-9B59-9AA5CC1BF511}.Release|Any CPU.Build.0 = Release|Any CPU
		{D3CF5E97-D8D1-4E09-9CAD-5D8E4859E439}.Debug|Any CPU.ActiveCfg = Debug|Any CPU
		{D3CF5E97-D8D1-4E09-9CAD-5D8E4859E439}.Debug|Any CPU.Build.0 = Debug|Any CPU
		{D3CF5E97-D8D1-4E09-9CAD-5D8E4859E439}.Release|Any CPU.ActiveCfg = Release|Any CPU
		{D3CF5E97-D8D1-4E09-9CAD-5D8E4859E439}.Release|Any CPU.Build.0 = Release|Any CPU
	EndGlobalSection
	GlobalSection(SolutionProperties) = preSolution
		HideSolutionNode = FALSE
	EndGlobalSection
EndGlobal
